// !$*UTF8*$!
{
	archiveVersion = 1;
	classes = {
	};
	objectVersion = 55;
	objects = {

/* Begin PBXBuildFile section */
		A4018A1F27905FCA000A7FF7 /* Divider.swift in Sources */ = {isa = PBXBuildFile; fileRef = A4018A1E27905FCA000A7FF7 /* Divider.swift */; };
		A401B2BB278B915F00CD9F5C /* WelcomeScreenView.swift in Sources */ = {isa = PBXBuildFile; fileRef = A401B2BA278B915F00CD9F5C /* WelcomeScreenView.swift */; };
		A4171F6627A81E6C00AD3CEF /* HealthAccessView.swift in Sources */ = {isa = PBXBuildFile; fileRef = A4171F6527A81E6C00AD3CEF /* HealthAccessView.swift */; };
		A4171F6927A81EBB00AD3CEF /* NavigationStack in Frameworks */ = {isa = PBXBuildFile; productRef = A4171F6827A81EBB00AD3CEF /* NavigationStack */; };
		A4171F6B27A8368000AD3CEF /* NotificationAccessView.swift in Sources */ = {isa = PBXBuildFile; fileRef = A4171F6A27A8368000AD3CEF /* NotificationAccessView.swift */; };
		A4578B8A278D2FB80025A695 /* Indicators in Frameworks */ = {isa = PBXBuildFile; productRef = A4578B89278D2FB80025A695 /* Indicators */; };
		A4578B8D278D2FCB0025A695 /* SwiftUICharts in Frameworks */ = {isa = PBXBuildFile; productRef = A4578B8C278D2FCB0025A695 /* SwiftUICharts */; };
		A4C8E9BE278B347800282BC4 /* CareKit in Frameworks */ = {isa = PBXBuildFile; productRef = A4C8E9BD278B347800282BC4 /* CareKit */; };
		A4C8E9C0278B347800282BC4 /* CareKitStore in Frameworks */ = {isa = PBXBuildFile; productRef = A4C8E9BF278B347800282BC4 /* CareKitStore */; };
		A4C8E9C2278B347800282BC4 /* CareKitUI in Frameworks */ = {isa = PBXBuildFile; productRef = A4C8E9C1278B347800282BC4 /* CareKitUI */; };
		A4CF786027889246007FB744 /* sturdy_sniffleApp.swift in Sources */ = {isa = PBXBuildFile; fileRef = A4CF784D27889245007FB744 /* sturdy_sniffleApp.swift */; };
		A4CF786227889246007FB744 /* ContentView.swift in Sources */ = {isa = PBXBuildFile; fileRef = A4CF784E27889245007FB744 /* ContentView.swift */; };
		A4CF786627889246007FB744 /* Assets.xcassets in Resources */ = {isa = PBXBuildFile; fileRef = A4CF785027889246007FB744 /* Assets.xcassets */; };
		A4CF787427889295007FB744 /* HealthKitUI.framework in Frameworks */ = {isa = PBXBuildFile; fileRef = A4CF787227889295007FB744 /* HealthKitUI.framework */; };
		A4CF787527889295007FB744 /* HealthKit.framework in Frameworks */ = {isa = PBXBuildFile; fileRef = A4CF787327889295007FB744 /* HealthKit.framework */; };
		A4CF787C2788A877007FB744 /* ProgressCircleView.swift in Sources */ = {isa = PBXBuildFile; fileRef = A4CF787B2788A877007FB744 /* ProgressCircleView.swift */; };
		A4D481DF27ADD18B00F0ECA3 /* Shiny in Frameworks */ = {isa = PBXBuildFile; productRef = A4D481DE27ADD18B00F0ECA3 /* Shiny */; };
		A4D481E227ADD40C00F0ECA3 /* SlideOverCard in Frameworks */ = {isa = PBXBuildFile; productRef = A4D481E127ADD40C00F0ECA3 /* SlideOverCard */; };
		A4D481E427ADD43100F0ECA3 /* PermissionView.swift in Sources */ = {isa = PBXBuildFile; fileRef = A4D481E327ADD43100F0ECA3 /* PermissionView.swift */; };
/* End PBXBuildFile section */

/* Begin PBXFileReference section */
		A4018A1E27905FCA000A7FF7 /* Divider.swift */ = {isa = PBXFileReference; lastKnownFileType = sourcecode.swift; path = Divider.swift; sourceTree = "<group>"; };
		A401B2BA278B915F00CD9F5C /* WelcomeScreenView.swift */ = {isa = PBXFileReference; lastKnownFileType = sourcecode.swift; path = WelcomeScreenView.swift; sourceTree = "<group>"; };
		A4171F6527A81E6C00AD3CEF /* HealthAccessView.swift */ = {isa = PBXFileReference; lastKnownFileType = sourcecode.swift; path = HealthAccessView.swift; sourceTree = "<group>"; };
		A4171F6A27A8368000AD3CEF /* NotificationAccessView.swift */ = {isa = PBXFileReference; lastKnownFileType = sourcecode.swift; path = NotificationAccessView.swift; sourceTree = "<group>"; };
		A4CF784D27889245007FB744 /* sturdy_sniffleApp.swift */ = {isa = PBXFileReference; lastKnownFileType = sourcecode.swift; path = sturdy_sniffleApp.swift; sourceTree = "<group>"; };
		A4CF784E27889245007FB744 /* ContentView.swift */ = {isa = PBXFileReference; lastKnownFileType = sourcecode.swift; path = ContentView.swift; sourceTree = "<group>"; };
		A4CF785027889246007FB744 /* Assets.xcassets */ = {isa = PBXFileReference; lastKnownFileType = folder.assetcatalog; path = Assets.xcassets; sourceTree = "<group>"; };
		A4CF785527889246007FB744 /* sturdy-sniffle.app */ = {isa = PBXFileReference; explicitFileType = wrapper.application; includeInIndex = 0; path = "sturdy-sniffle.app"; sourceTree = BUILT_PRODUCTS_DIR; };
		A4CF78702788928B007FB744 /* Info.plist */ = {isa = PBXFileReference; lastKnownFileType = text.plist.xml; name = Info.plist; path = "/Users/jasper/Desktop/Coding/Projects/ProjectUniverse/sturdy-sniffle/Info.plist"; sourceTree = "<absolute>"; };
		A4CF787227889295007FB744 /* HealthKitUI.framework */ = {isa = PBXFileReference; lastKnownFileType = wrapper.framework; name = HealthKitUI.framework; path = Platforms/iPhoneOS.platform/Developer/SDKs/iPhoneOS15.2.sdk/System/Library/Frameworks/HealthKitUI.framework; sourceTree = DEVELOPER_DIR; };
		A4CF787327889295007FB744 /* HealthKit.framework */ = {isa = PBXFileReference; lastKnownFileType = wrapper.framework; name = HealthKit.framework; path = Platforms/iPhoneOS.platform/Developer/SDKs/iPhoneOS15.2.sdk/System/Library/Frameworks/HealthKit.framework; sourceTree = DEVELOPER_DIR; };
		A4CF7876278892F1007FB744 /* app.entitlements */ = {isa = PBXFileReference; lastKnownFileType = text.plist.entitlements; path = app.entitlements; sourceTree = "<group>"; };
		A4CF787B2788A877007FB744 /* ProgressCircleView.swift */ = {isa = PBXFileReference; lastKnownFileType = sourcecode.swift; path = ProgressCircleView.swift; sourceTree = "<group>"; };
		A4D481E327ADD43100F0ECA3 /* PermissionView.swift */ = {isa = PBXFileReference; lastKnownFileType = sourcecode.swift; path = PermissionView.swift; sourceTree = "<group>"; };
/* End PBXFileReference section */

/* Begin PBXFrameworksBuildPhase section */
		A4CF785227889246007FB744 /* Frameworks */ = {
			isa = PBXFrameworksBuildPhase;
			buildActionMask = 2147483647;
			files = (
				A4D481E227ADD40C00F0ECA3 /* SlideOverCard in Frameworks */,
				A4578B8A278D2FB80025A695 /* Indicators in Frameworks */,
				A4578B8D278D2FCB0025A695 /* SwiftUICharts in Frameworks */,
				A4C8E9C0278B347800282BC4 /* CareKitStore in Frameworks */,
				A4D481DF27ADD18B00F0ECA3 /* Shiny in Frameworks */,
				A4C8E9BE278B347800282BC4 /* CareKit in Frameworks */,
				A4C8E9C2278B347800282BC4 /* CareKitUI in Frameworks */,
				A4171F6927A81EBB00AD3CEF /* NavigationStack in Frameworks */,
				A4CF787427889295007FB744 /* HealthKitUI.framework in Frameworks */,
				A4CF787527889295007FB744 /* HealthKit.framework in Frameworks */,
			);
			runOnlyForDeploymentPostprocessing = 0;
		};
/* End PBXFrameworksBuildPhase section */

/* Begin PBXGroup section */
		A401B2B4278B7E4500CD9F5C /* Data */ = {
			isa = PBXGroup;
			children = (
			);
			path = Data;
			sourceTree = "<group>";
		};
		A475B103278F150A00AC6EF7 /* Onboarding */ = {
			isa = PBXGroup;
			children = (
				A401B2BA278B915F00CD9F5C /* WelcomeScreenView.swift */,
				A4171F6A27A8368000AD3CEF /* NotificationAccessView.swift */,
				A4171F6527A81E6C00AD3CEF /* HealthAccessView.swift */,
				A4D481E327ADD43100F0ECA3 /* PermissionView.swift */,
			);
			path = Onboarding;
			sourceTree = "<group>";
		};
		A475B106278F157900AC6EF7 /* Error */ = {
			isa = PBXGroup;
			children = (
			);
			path = Error;
			sourceTree = "<group>";
		};
		A4CF784527889245007FB744 = {
			isa = PBXGroup;
			children = (
				A4CF784D27889245007FB744 /* sturdy_sniffleApp.swift */,
				A4CF787D278902D3007FB744 /* Views */,
				A401B2B4278B7E4500CD9F5C /* Data */,
				A4CF787F27890361007FB744 /* Supporting */,
				A4CF785627889246007FB744 /* Products */,
				A4CF787127889295007FB744 /* Frameworks */,
			);
			sourceTree = "<group>";
		};
		A4CF785627889246007FB744 /* Products */ = {
			isa = PBXGroup;
			children = (
				A4CF785527889246007FB744 /* sturdy-sniffle.app */,
			);
			name = Products;
			sourceTree = "<group>";
		};
		A4CF787127889295007FB744 /* Frameworks */ = {
			isa = PBXGroup;
			children = (
				A4CF787327889295007FB744 /* HealthKit.framework */,
				A4CF787227889295007FB744 /* HealthKitUI.framework */,
			);
			name = Frameworks;
			sourceTree = "<group>";
		};
		A4CF787A2788A836007FB744 /* Common */ = {
			isa = PBXGroup;
			children = (
				A4CF787B2788A877007FB744 /* ProgressCircleView.swift */,
				A4018A1E27905FCA000A7FF7 /* Divider.swift */,
			);
			path = Common;
			sourceTree = "<group>";
		};
		A4CF787D278902D3007FB744 /* Views */ = {
			isa = PBXGroup;
			children = (
				A4CF784E27889245007FB744 /* ContentView.swift */,
				A475B103278F150A00AC6EF7 /* Onboarding */,
				A4CF787A2788A836007FB744 /* Common */,
				A475B106278F157900AC6EF7 /* Error */,
			);
			path = Views;
			sourceTree = "<group>";
		};
		A4CF787F27890361007FB744 /* Supporting */ = {
			isa = PBXGroup;
			children = (
				A4CF7876278892F1007FB744 /* app.entitlements */,
				A4CF78702788928B007FB744 /* Info.plist */,
				A4CF785027889246007FB744 /* Assets.xcassets */,
			);
			name = Supporting;
			sourceTree = "<group>";
		};
/* End PBXGroup section */

/* Begin PBXNativeTarget section */
		A4CF785427889246007FB744 /* sturdy-sniffle (iOS) */ = {
			isa = PBXNativeTarget;
			buildConfigurationList = A4CF786A27889246007FB744 /* Build configuration list for PBXNativeTarget "sturdy-sniffle (iOS)" */;
			buildPhases = (
				A4CF785127889246007FB744 /* Sources */,
				A4CF785227889246007FB744 /* Frameworks */,
				A4CF785327889246007FB744 /* Resources */,
			);
			buildRules = (
			);
			dependencies = (
			);
			name = "sturdy-sniffle (iOS)";
			packageProductDependencies = (
				A4C8E9BD278B347800282BC4 /* CareKit */,
				A4C8E9BF278B347800282BC4 /* CareKitStore */,
				A4C8E9C1278B347800282BC4 /* CareKitUI */,
				A4578B89278D2FB80025A695 /* Indicators */,
				A4578B8C278D2FCB0025A695 /* SwiftUICharts */,
				A4171F6827A81EBB00AD3CEF /* NavigationStack */,
				A4D481DE27ADD18B00F0ECA3 /* Shiny */,
				A4D481E127ADD40C00F0ECA3 /* SlideOverCard */,
			);
			productName = "sturdy-sniffle (iOS)";
			productReference = A4CF785527889246007FB744 /* sturdy-sniffle.app */;
			productType = "com.apple.product-type.application";
		};
/* End PBXNativeTarget section */

/* Begin PBXProject section */
		A4CF784627889245007FB744 /* Project object */ = {
			isa = PBXProject;
			attributes = {
				BuildIndependentTargetsInParallel = 1;
				LastSwiftUpdateCheck = 1320;
				LastUpgradeCheck = 1320;
				TargetAttributes = {
					A4CF785427889246007FB744 = {
						CreatedOnToolsVersion = 13.2.1;
					};
				};
			};
			buildConfigurationList = A4CF784927889245007FB744 /* Build configuration list for PBXProject "sturdy-sniffle" */;
			compatibilityVersion = "Xcode 13.0";
			developmentRegion = en;
			hasScannedForEncodings = 0;
			knownRegions = (
				en,
				Base,
			);
			mainGroup = A4CF784527889245007FB744;
			packageReferences = (
				A4C8E9BC278B347800282BC4 /* XCRemoteSwiftPackageReference "CareKit" */,
				A4578B88278D2FB80025A695 /* XCRemoteSwiftPackageReference "SwiftUI-Indicators" */,
				A4578B8B278D2FCB0025A695 /* XCRemoteSwiftPackageReference "SwiftUICharts" */,
				A4171F6727A81EBB00AD3CEF /* XCRemoteSwiftPackageReference "swiftui-navigation-stack" */,
				A4D481DD27ADD18B00F0ECA3 /* XCRemoteSwiftPackageReference "shiny" */,
				A4D481E027ADD40C00F0ECA3 /* XCRemoteSwiftPackageReference "SlideOverCard" */,
			);
			productRefGroup = A4CF785627889246007FB744 /* Products */;
			projectDirPath = "";
			projectRoot = "";
			targets = (
				A4CF785427889246007FB744 /* sturdy-sniffle (iOS) */,
			);
		};
/* End PBXProject section */

/* Begin PBXResourcesBuildPhase section */
		A4CF785327889246007FB744 /* Resources */ = {
			isa = PBXResourcesBuildPhase;
			buildActionMask = 2147483647;
			files = (
				A4CF786627889246007FB744 /* Assets.xcassets in Resources */,
			);
			runOnlyForDeploymentPostprocessing = 0;
		};
/* End PBXResourcesBuildPhase section */

/* Begin PBXSourcesBuildPhase section */
		A4CF785127889246007FB744 /* Sources */ = {
			isa = PBXSourcesBuildPhase;
			buildActionMask = 2147483647;
			files = (
				A4171F6627A81E6C00AD3CEF /* HealthAccessView.swift in Sources */,
				A4CF786027889246007FB744 /* sturdy_sniffleApp.swift in Sources */,
				A401B2BB278B915F00CD9F5C /* WelcomeScreenView.swift in Sources */,
				A4D481E427ADD43100F0ECA3 /* PermissionView.swift in Sources */,
				A4171F6B27A8368000AD3CEF /* NotificationAccessView.swift in Sources */,
				A4CF787C2788A877007FB744 /* ProgressCircleView.swift in Sources */,
				A4018A1F27905FCA000A7FF7 /* Divider.swift in Sources */,
				A4CF786227889246007FB744 /* ContentView.swift in Sources */,
			);
			runOnlyForDeploymentPostprocessing = 0;
		};
/* End PBXSourcesBuildPhase section */

/* Begin XCBuildConfiguration section */
		A4CF786827889246007FB744 /* Debug */ = {
			isa = XCBuildConfiguration;
			buildSettings = {
				ALWAYS_SEARCH_USER_PATHS = NO;
				CLANG_ANALYZER_NONNULL = YES;
				CLANG_ANALYZER_NUMBER_OBJECT_CONVERSION = YES_AGGRESSIVE;
				CLANG_CXX_LANGUAGE_STANDARD = "gnu++17";
				CLANG_CXX_LIBRARY = "libc++";
				CLANG_ENABLE_MODULES = YES;
				CLANG_ENABLE_OBJC_ARC = YES;
				CLANG_ENABLE_OBJC_WEAK = YES;
				CLANG_WARN_BLOCK_CAPTURE_AUTORELEASING = YES;
				CLANG_WARN_BOOL_CONVERSION = YES;
				CLANG_WARN_COMMA = YES;
				CLANG_WARN_CONSTANT_CONVERSION = YES;
				CLANG_WARN_DEPRECATED_OBJC_IMPLEMENTATIONS = YES;
				CLANG_WARN_DIRECT_OBJC_ISA_USAGE = YES_ERROR;
				CLANG_WARN_DOCUMENTATION_COMMENTS = YES;
				CLANG_WARN_EMPTY_BODY = YES;
				CLANG_WARN_ENUM_CONVERSION = YES;
				CLANG_WARN_INFINITE_RECURSION = YES;
				CLANG_WARN_INT_CONVERSION = YES;
				CLANG_WARN_NON_LITERAL_NULL_CONVERSION = YES;
				CLANG_WARN_OBJC_IMPLICIT_RETAIN_SELF = YES;
				CLANG_WARN_OBJC_LITERAL_CONVERSION = YES;
				CLANG_WARN_OBJC_ROOT_CLASS = YES_ERROR;
				CLANG_WARN_QUOTED_INCLUDE_IN_FRAMEWORK_HEADER = YES;
				CLANG_WARN_RANGE_LOOP_ANALYSIS = YES;
				CLANG_WARN_STRICT_PROTOTYPES = YES;
				CLANG_WARN_SUSPICIOUS_MOVE = YES;
				CLANG_WARN_UNGUARDED_AVAILABILITY = YES_AGGRESSIVE;
				CLANG_WARN_UNREACHABLE_CODE = YES;
				CLANG_WARN__DUPLICATE_METHOD_MATCH = YES;
				COPY_PHASE_STRIP = NO;
				DEBUG_INFORMATION_FORMAT = dwarf;
				ENABLE_STRICT_OBJC_MSGSEND = YES;
				ENABLE_TESTABILITY = YES;
				GCC_C_LANGUAGE_STANDARD = gnu11;
				GCC_DYNAMIC_NO_PIC = NO;
				GCC_NO_COMMON_BLOCKS = YES;
				GCC_OPTIMIZATION_LEVEL = 0;
				GCC_PREPROCESSOR_DEFINITIONS = (
					"DEBUG=1",
					"$(inherited)",
				);
				GCC_WARN_64_TO_32_BIT_CONVERSION = YES;
				GCC_WARN_ABOUT_RETURN_TYPE = YES_ERROR;
				GCC_WARN_UNDECLARED_SELECTOR = YES;
				GCC_WARN_UNINITIALIZED_AUTOS = YES_AGGRESSIVE;
				GCC_WARN_UNUSED_FUNCTION = YES;
				GCC_WARN_UNUSED_VARIABLE = YES;
				IPHONEOS_DEPLOYMENT_TARGET = 15.0;
				MTL_ENABLE_DEBUG_INFO = INCLUDE_SOURCE;
				MTL_FAST_MATH = YES;
				ONLY_ACTIVE_ARCH = YES;
				SWIFT_ACTIVE_COMPILATION_CONDITIONS = DEBUG;
				SWIFT_OPTIMIZATION_LEVEL = "-Onone";
			};
			name = Debug;
		};
		A4CF786927889246007FB744 /* Release */ = {
			isa = XCBuildConfiguration;
			buildSettings = {
				ALWAYS_SEARCH_USER_PATHS = NO;
				CLANG_ANALYZER_NONNULL = YES;
				CLANG_ANALYZER_NUMBER_OBJECT_CONVERSION = YES_AGGRESSIVE;
				CLANG_CXX_LANGUAGE_STANDARD = "gnu++17";
				CLANG_CXX_LIBRARY = "libc++";
				CLANG_ENABLE_MODULES = YES;
				CLANG_ENABLE_OBJC_ARC = YES;
				CLANG_ENABLE_OBJC_WEAK = YES;
				CLANG_WARN_BLOCK_CAPTURE_AUTORELEASING = YES;
				CLANG_WARN_BOOL_CONVERSION = YES;
				CLANG_WARN_COMMA = YES;
				CLANG_WARN_CONSTANT_CONVERSION = YES;
				CLANG_WARN_DEPRECATED_OBJC_IMPLEMENTATIONS = YES;
				CLANG_WARN_DIRECT_OBJC_ISA_USAGE = YES_ERROR;
				CLANG_WARN_DOCUMENTATION_COMMENTS = YES;
				CLANG_WARN_EMPTY_BODY = YES;
				CLANG_WARN_ENUM_CONVERSION = YES;
				CLANG_WARN_INFINITE_RECURSION = YES;
				CLANG_WARN_INT_CONVERSION = YES;
				CLANG_WARN_NON_LITERAL_NULL_CONVERSION = YES;
				CLANG_WARN_OBJC_IMPLICIT_RETAIN_SELF = YES;
				CLANG_WARN_OBJC_LITERAL_CONVERSION = YES;
				CLANG_WARN_OBJC_ROOT_CLASS = YES_ERROR;
				CLANG_WARN_QUOTED_INCLUDE_IN_FRAMEWORK_HEADER = YES;
				CLANG_WARN_RANGE_LOOP_ANALYSIS = YES;
				CLANG_WARN_STRICT_PROTOTYPES = YES;
				CLANG_WARN_SUSPICIOUS_MOVE = YES;
				CLANG_WARN_UNGUARDED_AVAILABILITY = YES_AGGRESSIVE;
				CLANG_WARN_UNREACHABLE_CODE = YES;
				CLANG_WARN__DUPLICATE_METHOD_MATCH = YES;
				COPY_PHASE_STRIP = NO;
				DEBUG_INFORMATION_FORMAT = "dwarf-with-dsym";
				ENABLE_NS_ASSERTIONS = NO;
				ENABLE_STRICT_OBJC_MSGSEND = YES;
				GCC_C_LANGUAGE_STANDARD = gnu11;
				GCC_NO_COMMON_BLOCKS = YES;
				GCC_WARN_64_TO_32_BIT_CONVERSION = YES;
				GCC_WARN_ABOUT_RETURN_TYPE = YES_ERROR;
				GCC_WARN_UNDECLARED_SELECTOR = YES;
				GCC_WARN_UNINITIALIZED_AUTOS = YES_AGGRESSIVE;
				GCC_WARN_UNUSED_FUNCTION = YES;
				GCC_WARN_UNUSED_VARIABLE = YES;
				IPHONEOS_DEPLOYMENT_TARGET = 15.0;
				MTL_ENABLE_DEBUG_INFO = NO;
				MTL_FAST_MATH = YES;
				SWIFT_COMPILATION_MODE = wholemodule;
				SWIFT_OPTIMIZATION_LEVEL = "-O";
			};
			name = Release;
		};
		A4CF786B27889246007FB744 /* Debug */ = {
			isa = XCBuildConfiguration;
			buildSettings = {
				ASSETCATALOG_COMPILER_APPICON_NAME = AppIcon;
				ASSETCATALOG_COMPILER_GLOBAL_ACCENT_COLOR_NAME = AccentColor;
				CODE_SIGN_ENTITLEMENTS = app.entitlements;
				CODE_SIGN_STYLE = Automatic;
				CURRENT_PROJECT_VERSION = 1;
				DEVELOPMENT_TEAM = 76362K78QT;
				ENABLE_PREVIEWS = YES;
				GENERATE_INFOPLIST_FILE = YES;
				INFOPLIST_FILE = Info.plist;
				INFOPLIST_KEY_NSHealthShareUsageDescription = "This apps requires access to health data in order to show you stats";
				INFOPLIST_KEY_NSHealthUpdateUsageDescription = "This apps requires access to health data in order to show you stats";
				INFOPLIST_KEY_UIApplicationSceneManifest_Generation = YES;
				INFOPLIST_KEY_UIApplicationSupportsIndirectInputEvents = YES;
				INFOPLIST_KEY_UIRequiredDeviceCapabilities = armv7;
				INFOPLIST_KEY_UIStatusBarHidden = NO;
				INFOPLIST_KEY_UISupportedInterfaceOrientations = "UIInterfaceOrientationPortrait UIInterfaceOrientationLandscapeLeft UIInterfaceOrientationLandscapeRight";
				INFOPLIST_KEY_UISupportedInterfaceOrientations_iPad = "UIInterfaceOrientationPortrait UIInterfaceOrientationPortraitUpsideDown UIInterfaceOrientationLandscapeLeft UIInterfaceOrientationLandscapeRight";
				INFOPLIST_KEY_UISupportedInterfaceOrientations_iPhone = "UIInterfaceOrientationPortrait UIInterfaceOrientationLandscapeLeft UIInterfaceOrientationLandscapeRight";
				IPHONEOS_DEPLOYMENT_TARGET = 15.2;
				LD_RUNPATH_SEARCH_PATHS = (
					"$(inherited)",
					"@executable_path/Frameworks",
				);
				MARKETING_VERSION = 1.0;
				PRODUCT_BUNDLE_IDENTIFIER = "com.jaspermayone.sturdy-sniffle";
				PRODUCT_NAME = "sturdy-sniffle";
				SDKROOT = iphoneos;
				SWIFT_EMIT_LOC_STRINGS = YES;
				SWIFT_VERSION = 5.0;
				TARGETED_DEVICE_FAMILY = "1,2";
			};
			name = Debug;
		};
		A4CF786C27889246007FB744 /* Release */ = {
			isa = XCBuildConfiguration;
			buildSettings = {
				ASSETCATALOG_COMPILER_APPICON_NAME = AppIcon;
				ASSETCATALOG_COMPILER_GLOBAL_ACCENT_COLOR_NAME = AccentColor;
				CODE_SIGN_ENTITLEMENTS = app.entitlements;
				CODE_SIGN_STYLE = Automatic;
				CURRENT_PROJECT_VERSION = 1;
				DEVELOPMENT_TEAM = 76362K78QT;
				ENABLE_PREVIEWS = YES;
				GENERATE_INFOPLIST_FILE = YES;
				INFOPLIST_FILE = Info.plist;
				INFOPLIST_KEY_NSHealthShareUsageDescription = "This apps requires access to health data in order to show you stats";
				INFOPLIST_KEY_NSHealthUpdateUsageDescription = "This apps requires access to health data in order to show you stats";
				INFOPLIST_KEY_UIApplicationSceneManifest_Generation = YES;
				INFOPLIST_KEY_UIApplicationSupportsIndirectInputEvents = YES;
				INFOPLIST_KEY_UIRequiredDeviceCapabilities = armv7;
				INFOPLIST_KEY_UIStatusBarHidden = NO;
				INFOPLIST_KEY_UISupportedInterfaceOrientations = "UIInterfaceOrientationPortrait UIInterfaceOrientationLandscapeLeft UIInterfaceOrientationLandscapeRight";
				INFOPLIST_KEY_UISupportedInterfaceOrientations_iPad = "UIInterfaceOrientationPortrait UIInterfaceOrientationPortraitUpsideDown UIInterfaceOrientationLandscapeLeft UIInterfaceOrientationLandscapeRight";
				INFOPLIST_KEY_UISupportedInterfaceOrientations_iPhone = "UIInterfaceOrientationPortrait UIInterfaceOrientationLandscapeLeft UIInterfaceOrientationLandscapeRight";
				IPHONEOS_DEPLOYMENT_TARGET = 15.2;
				LD_RUNPATH_SEARCH_PATHS = (
					"$(inherited)",
					"@executable_path/Frameworks",
				);
				MARKETING_VERSION = 1.0;
				PRODUCT_BUNDLE_IDENTIFIER = "com.jaspermayone.sturdy-sniffle";
				PRODUCT_NAME = "sturdy-sniffle";
				SDKROOT = iphoneos;
				SWIFT_EMIT_LOC_STRINGS = YES;
				SWIFT_VERSION = 5.0;
				TARGETED_DEVICE_FAMILY = "1,2";
				VALIDATE_PRODUCT = YES;
			};
			name = Release;
		};
/* End XCBuildConfiguration section */

/* Begin XCConfigurationList section */
		A4CF784927889245007FB744 /* Build configuration list for PBXProject "sturdy-sniffle" */ = {
			isa = XCConfigurationList;
			buildConfigurations = (
				A4CF786827889246007FB744 /* Debug */,
				A4CF786927889246007FB744 /* Release */,
			);
			defaultConfigurationIsVisible = 0;
			defaultConfigurationName = Release;
		};
		A4CF786A27889246007FB744 /* Build configuration list for PBXNativeTarget "sturdy-sniffle (iOS)" */ = {
			isa = XCConfigurationList;
			buildConfigurations = (
				A4CF786B27889246007FB744 /* Debug */,
				A4CF786C27889246007FB744 /* Release */,
			);
			defaultConfigurationIsVisible = 0;
			defaultConfigurationName = Release;
		};
/* End XCConfigurationList section */

/* Begin XCRemoteSwiftPackageReference section */
		A4171F6727A81EBB00AD3CEF /* XCRemoteSwiftPackageReference "swiftui-navigation-stack" */ = {
			isa = XCRemoteSwiftPackageReference;
			repositoryURL = "https://github.com/matteopuc/swiftui-navigation-stack.git";
			requirement = {
				branch = master;
				kind = branch;
			};
		};
		A4578B88278D2FB80025A695 /* XCRemoteSwiftPackageReference "SwiftUI-Indicators" */ = {
			isa = XCRemoteSwiftPackageReference;
			repositoryURL = "https://github.com/Connapptivity/SwiftUI-Indicators";
			requirement = {
				kind = upToNextMajorVersion;
				minimumVersion = 1.0.0;
			};
		};
		A4578B8B278D2FCB0025A695 /* XCRemoteSwiftPackageReference "SwiftUICharts" */ = {
			isa = XCRemoteSwiftPackageReference;
			repositoryURL = "https://github.com/willdale/SwiftUICharts";
			requirement = {
				kind = upToNextMajorVersion;
				minimumVersion = 2.0.0;
			};
		};
		A4C8E9BC278B347800282BC4 /* XCRemoteSwiftPackageReference "CareKit" */ = {
			isa = XCRemoteSwiftPackageReference;
			repositoryURL = "https://github.com/carekit-apple/CareKit";
			requirement = {
				kind = upToNextMajorVersion;
				minimumVersion = 2.0.0;
			};
		};
		A4D481DD27ADD18B00F0ECA3 /* XCRemoteSwiftPackageReference "shiny" */ = {
			isa = XCRemoteSwiftPackageReference;
			repositoryURL = "https://github.com/maustinstar/shiny.git";
			requirement = {
				branch = master;
				kind = branch;
			};
		};
		A4D481E027ADD40C00F0ECA3 /* XCRemoteSwiftPackageReference "SlideOverCard" */ = {
			isa = XCRemoteSwiftPackageReference;
			repositoryURL = "https://github.com/joogps/SlideOverCard";
			requirement = {
				branch = main;
				kind = branch;
			};
		};
/* End XCRemoteSwiftPackageReference section */

/* Begin XCSwiftPackageProductDependency section */
		A4171F6827A81EBB00AD3CEF /* NavigationStack */ = {
			isa = XCSwiftPackageProductDependency;
			package = A4171F6727A81EBB00AD3CEF /* XCRemoteSwiftPackageReference "swiftui-navigation-stack" */;
			productName = NavigationStack;
		};
		A4578B89278D2FB80025A695 /* Indicators */ = {
			isa = XCSwiftPackageProductDependency;
			package = A4578B88278D2FB80025A695 /* XCRemoteSwiftPackageReference "SwiftUI-Indicators" */;
			productName = Indicators;
		};
		A4578B8C278D2FCB0025A695 /* SwiftUICharts */ = {
			isa = XCSwiftPackageProductDependency;
			package = A4578B8B278D2FCB0025A695 /* XCRemoteSwiftPackageReference "SwiftUICharts" */;
			productName = SwiftUICharts;
		};
		A4C8E9BD278B347800282BC4 /* CareKit */ = {
			isa = XCSwiftPackageProductDependency;
			package = A4C8E9BC278B347800282BC4 /* XCRemoteSwiftPackageReference "CareKit" */;
			productName = CareKit;
		};
		A4C8E9BF278B347800282BC4 /* CareKitStore */ = {
			isa = XCSwiftPackageProductDependency;
			package = A4C8E9BC278B347800282BC4 /* XCRemoteSwiftPackageReference "CareKit" */;
			productName = CareKitStore;
		};
		A4C8E9C1278B347800282BC4 /* CareKitUI */ = {
			isa = XCSwiftPackageProductDependency;
			package = A4C8E9BC278B347800282BC4 /* XCRemoteSwiftPackageReference "CareKit" */;
			productName = CareKitUI;
		};
		A4D481DE27ADD18B00F0ECA3 /* Shiny */ = {
			isa = XCSwiftPackageProductDependency;
			package = A4D481DD27ADD18B00F0ECA3 /* XCRemoteSwiftPackageReference "shiny" */;
			productName = Shiny;
		};
		A4D481E127ADD40C00F0ECA3 /* SlideOverCard */ = {
			isa = XCSwiftPackageProductDependency;
			package = A4D481E027ADD40C00F0ECA3 /* XCRemoteSwiftPackageReference "SlideOverCard" */;
			productName = SlideOverCard;
		};
/* End XCSwiftPackageProductDependency section */
	};
	rootObject = A4CF784627889245007FB744 /* Project object */;
}
